
Microsoft Visual Studio Solution File, Format Version 12.00
# Visual Studio Version 17
VisualStudioVersion = 17.6.33815.320
MinimumVisualStudioVersion = 10.0.40219.1
Project("{9A19103F-16F7-4668-BE54-9A1E7A4F7556}") = "Quiz1", "Quiz1\Quiz1.csproj", "{25A5A7A4-5726-493F-9171-93C7E51ECE32}"
EndProject
Project("{FAE04EC0-301F-11D3-BF4B-00C04F79EFBC}") = "WinFormsApp1", "WinFormsApp1\WinFormsApp1.csproj", "{99BE0AD9-A6D4-42A7-9249-FD80E5D88CBA}"
EndProject
Project("{FAE04EC0-301F-11D3-BF4B-00C04F79EFBC}") = "Quiz2", "Quiz2\Quiz2.csproj", "{92F7002F-7431-440F-B822-250A535F7DDF}"
EndProject
Global
	GlobalSection(SolutionConfigurationPlatforms) = preSolution
		Debug|Any CPU = Debug|Any CPU
		Release|Any CPU = Release|Any CPU
	EndGlobalSection
	GlobalSection(ProjectConfigurationPlatforms) = postSolution
		{25A5A7A4-5726-493F-9171-93C7E51ECE32}.Debug|Any CPU.ActiveCfg = Debug|Any CPU
		{25A5A7A4-5726-493F-9171-93C7E51ECE32}.Debug|Any CPU.Build.0 = Debug|Any CPU
		{25A5A7A4-5726-493F-9171-93C7E51ECE32}.Release|Any CPU.ActiveCfg = Release|Any CPU
		{25A5A7A4-5726-493F-9171-93C7E51ECE32}.Release|Any CPU.Build.0 = Release|Any CPU
		{99BE0AD9-A6D4-42A7-9249-FD80E5D88CBA}.Debug|Any CPU.ActiveCfg = Debug|Any CPU
		{99BE0AD9-A6D4-42A7-9249-FD80E5D88CBA}.Debug|Any CPU.Build.0 = Debug|Any CPU
		{99BE0AD9-A6D4-42A7-9249-FD80E5D88CBA}.Release|Any CPU.ActiveCfg = Release|Any CPU
		{99BE0AD9-A6D4-42A7-9249-FD80E5D88CBA}.Release|Any CPU.Build.0 = Release|Any CPU
		{92F7002F-7431-440F-B822-250A535F7DDF}.Debug|Any CPU.ActiveCfg = Debug|Any CPU
		{92F7002F-7431-440F-B822-250A535F7DDF}.Debug|Any CPU.Build.0 = Debug|Any CPU
		{92F7002F-7431-440F-B822-250A535F7DDF}.Release|Any CPU.ActiveCfg = Release|Any CPU
		{92F7002F-7431-440F-B822-250A535F7DDF}.Release|Any CPU.Build.0 = Release|Any CPU
	EndGlobalSection
	GlobalSection(SolutionProperties) = preSolution
		HideSolutionNode = FALSE
	EndGlobalSection
	GlobalSection(ExtensibilityGlobals) = postSolution
		SolutionGuid = {97D309FA-71EC-4668-BF15-FCE1E11A4E23}
	EndGlobalSection
EndGlobal
